schema: '2.0'
stages:
  extract:
    cmd: python scripts/stages/extract.py --output-dir=data/input
    deps:
    - path: scripts/stages/extract.py
      md5: a5c69a4aa422bcf70578b8e02b99de4e
      size: 181
    - path: src/pbs/etl/extraction.py
      md5: 36df00c284f0a3076904e3f8a4483fa5
      size: 4564
    params:
      params.yaml:
        extract:
          output_dir: data/input
  extract@credit:
    cmd: python scripts/stages/extract.py --name=credit --output-dir=data/input
    deps:
    - path: scripts/stages/extract.py
      md5: 91be9b73afefb33528d3dd20de846a7b
      size: 198
    - path: src/pbs/etl/extraction.py
      md5: 4d5bab2b2184bb25affdfed495b537c9
      size: 4519
    params:
      params.yaml:
        extract:
          output_dir: data/input
          name:
          - credit
          - hpi
          - cpi
          - ishort
          - ilong
    outs:
    - path: data/input/credit.parquet
      md5: bb1738093bbfc898673146109f9e6262
      size: 3059972
  extract@ishort:
    cmd: python scripts/stages/extract.py --name=ishort --output-dir=data/input
    deps:
    - path: scripts/stages/extract.py
      md5: 91be9b73afefb33528d3dd20de846a7b
      size: 198
    - path: src/pbs/etl/extraction.py
      md5: 4d5bab2b2184bb25affdfed495b537c9
      size: 4519
    params:
      params.yaml:
        extract:
          output_dir: data/input
          name:
          - credit
          - hpi
          - cpi
          - ishort
          - ilong
    outs:
    - path: data/input/ishort.parquet
      md5: 0e7edfa83a16427c066a6562ac83ce10
      size: 38801
  extract@hpi:
    cmd: python scripts/stages/extract.py --name=hpi --output-dir=data/input
    deps:
    - path: scripts/stages/extract.py
      md5: 91be9b73afefb33528d3dd20de846a7b
      size: 198
    - path: src/pbs/etl/extraction.py
      md5: 4d5bab2b2184bb25affdfed495b537c9
      size: 4519
    params:
      params.yaml:
        extract:
          output_dir: data/input
          name:
          - credit
          - hpi
          - cpi
          - ishort
          - ilong
    outs:
    - path: data/input/hpi.parquet
      md5: cda565657cbed01461f83a538d40b721
      size: 57063
  extract@ilong:
    cmd: python scripts/stages/extract.py --name=ilong --output-dir=data/input
    deps:
    - path: scripts/stages/extract.py
      md5: 91be9b73afefb33528d3dd20de846a7b
      size: 198
    - path: src/pbs/etl/extraction.py
      md5: 4d5bab2b2184bb25affdfed495b537c9
      size: 4519
    params:
      params.yaml:
        extract:
          output_dir: data/input
          name:
          - credit
          - hpi
          - cpi
          - ishort
          - ilong
    outs:
    - path: data/input/ilong.parquet
      md5: de0661d443d6cafddc99b4f3d280f4f6
      size: 45492
  extract@cpi:
    cmd: python scripts/stages/extract.py --name=cpi --output-dir=data/input
    deps:
    - path: scripts/stages/extract.py
      md5: 91be9b73afefb33528d3dd20de846a7b
      size: 198
    - path: src/pbs/etl/extraction.py
      md5: 4d5bab2b2184bb25affdfed495b537c9
      size: 4519
    params:
      params.yaml:
        extract:
          output_dir: data/input
          name:
          - credit
          - hpi
          - cpi
          - ishort
          - ilong
    outs:
    - path: data/input/cpi.parquet
      md5: b124768f1b9d48867fbcd8099b3f382b
      size: 101905
  prepare:
    cmd: python scripts/stages/prepare.py --input-dir=data/input --output-path=data/prepared/data.parquet
    deps:
    - path: scripts/stages/prepare.py
      md5: 027e9f8bc1a8448d5b9a61fc33ab061b
      size: 211
    - path: src/pbs/etl/preparation.py
      md5: 5b9af1978af140e3f76bffb5029962e1
      size: 2478
    params:
      params.yaml:
        extract:
          output_dir: data/input
          name:
          - credit
          - hpi
          - cpi
          - ishort
          - ilong
        prepare:
          output_path: data/prepared/data.parquet
    outs:
    - path: data/prepared/data.parquet
      md5: 6217bb15b0d580a41d44bfdd88f8de86
      size: 129841
